
Microsoft Visual Studio Solution File, Format Version 12.00
# Visual Studio 2017
Project("{FAE04EC0-301F-11D3-BF4B-00C04F79EFBC}") = "TestApp4", "TestApp4.csproj", "{E869E93E-FCE4-D5B4-B4A9-DB3480869F05}"
EndProject
Project("{FAE04EC0-301F-11D3-BF4B-00C04F79EFBC}") = "TestApp4.Editor", "TestApp4.Editor.csproj", "{1C75FC05-05ED-1BD6-A855-55045F0F517E}"
EndProject
Global
	GlobalSection(SolutionConfigurationPlatforms) = preSolution
		Debug|Any CPU = Debug|Any CPU
		Release|Any CPU = Release|Any CPU
	EndGlobalSection
	GlobalSection(ProjectConfigurationPlatforms) = postSolution
		{E869E93E-FCE4-D5B4-B4A9-DB3480869F05}.Debug|Any CPU.ActiveCfg = Debug|Any CPU
		{E869E93E-FCE4-D5B4-B4A9-DB3480869F05}.Debug|Any CPU.Build.0 = Debug|Any CPU
		{E869E93E-FCE4-D5B4-B4A9-DB3480869F05}.Release|Any CPU.ActiveCfg = Release|Any CPU
		{E869E93E-FCE4-D5B4-B4A9-DB3480869F05}.Release|Any CPU.Build.0 = Release|Any CPU
		{1C75FC05-05ED-1BD6-A855-55045F0F517E}.Debug|Any CPU.ActiveCfg = Debug|Any CPU
		{1C75FC05-05ED-1BD6-A855-55045F0F517E}.Debug|Any CPU.Build.0 = Debug|Any CPU
		{1C75FC05-05ED-1BD6-A855-55045F0F517E}.Release|Any CPU.ActiveCfg = Release|Any CPU
		{1C75FC05-05ED-1BD6-A855-55045F0F517E}.Release|Any CPU.Build.0 = Release|Any CPU
	EndGlobalSection
	GlobalSection(SolutionProperties) = preSolution
		HideSolutionNode = FALSE
	EndGlobalSection
EndGlobal
